PODS:
  - GoogleMaps (4.0.0):
    - GoogleMaps/Maps (= 4.0.0)
  - GoogleMaps/Base (4.0.0)
  - GoogleMaps/Maps (4.0.0):
    - GoogleMaps/Base

DEPENDENCIES:
  - GoogleMaps (= 4.0.0)

SPEC REPOS:
  https://github.com/CocoaPods/Specs.git:
    - GoogleMaps

SPEC CHECKSUMS:
  GoogleMaps: b7f7fc569a9b354a3af0d9729dbec40957b7d41e

PODFILE CHECKSUM: 76c0e161c46c107e52eb686ba483e6b4f6c5e4e3

COCOAPODS: 1.10.0
